
Microsoft Visual Studio Solution File, Format Version 12.00
# Visual Studio Version 17
VisualStudioVersion = 17.2.32519.379
MinimumVisualStudioVersion = 10.0.40219.1
Project("{9A19103F-16F7-4668-BE54-9A1E7A4F7556}") = "StoryShop", "StoryShop\StoryShop.csproj", "{BF34251D-C81C-4472-9EB1-3D51A994200B}"
EndProject
Project("{9A19103F-16F7-4668-BE54-9A1E7A4F7556}") = "Infrastructuur", "Infrastructuur\Infrastructuur.csproj", "{5DF6FD4C-D979-4C42-9CF3-3E915EC96C33}"
EndProject
Global
	GlobalSection(SolutionConfigurationPlatforms) = preSolution
		Debug|Any CPU = Debug|Any CPU
		Release|Any CPU = Release|Any CPU
	EndGlobalSection
	GlobalSection(ProjectConfigurationPlatforms) = postSolution
		{BF34251D-C81C-4472-9EB1-3D51A994200B}.Debug|Any CPU.ActiveCfg = Debug|Any CPU
		{BF34251D-C81C-4472-9EB1-3D51A994200B}.Debug|Any CPU.Build.0 = Debug|Any CPU
		{BF34251D-C81C-4472-9EB1-3D51A994200B}.Release|Any CPU.ActiveCfg = Release|Any CPU
		{BF34251D-C81C-4472-9EB1-3D51A994200B}.Release|Any CPU.Build.0 = Release|Any CPU
		{5DF6FD4C-D979-4C42-9CF3-3E915EC96C33}.Debug|Any CPU.ActiveCfg = Debug|Any CPU
		{5DF6FD4C-D979-4C42-9CF3-3E915EC96C33}.Debug|Any CPU.Build.0 = Debug|Any CPU
		{5DF6FD4C-D979-4C42-9CF3-3E915EC96C33}.Release|Any CPU.ActiveCfg = Release|Any CPU
		{5DF6FD4C-D979-4C42-9CF3-3E915EC96C33}.Release|Any CPU.Build.0 = Release|Any CPU
	EndGlobalSection
	GlobalSection(SolutionProperties) = preSolution
		HideSolutionNode = FALSE
	EndGlobalSection
	GlobalSection(ExtensibilityGlobals) = postSolution
		SolutionGuid = {2D0A6491-D2F3-493D-94EA-C46C74B68F50}
	EndGlobalSection
EndGlobal
